
Microsoft Visual Studio Solution File, Format Version 12.00
# Visual Studio Version 17
VisualStudioVersion = 17.11.35327.3
MinimumVisualStudioVersion = 10.0.40219.1
Project("{FAE04EC0-301F-11D3-BF4B-00C04F79EFBC}") = "AppliGSB", "AppliGSB\AppliGSB.csproj", "{F01C7633-0C51-42CB-A4AF-A59FA99CF09C}"
EndProject
Project("{FAE04EC0-301F-11D3-BF4B-00C04F79EFBC}") = "CoucheMetier", "CoucheMetier\CoucheMetier.csproj", "{B4685B99-62C3-4C78-9DC6-743B5609DF48}"
EndProject
Project("{FAE04EC0-301F-11D3-BF4B-00C04F79EFBC}") = "CoucheAccesDonnees", "CoucheAccesDonnees\CoucheAccesDonnees.csproj", "{54F3AEB3-136D-4C70-8462-F28D20FE5A6B}"
EndProject
Project("{FAE04EC0-301F-11D3-BF4B-00C04F79EFBC}") = "CoucheLogiqueMetier", "CoucheLogiqueMetier\CoucheLogiqueMetier.csproj", "{36A891E4-14A9-4FEF-BA78-580E7BBE2F62}"
EndProject
Global
	GlobalSection(SolutionConfigurationPlatforms) = preSolution
		Debug|Any CPU = Debug|Any CPU
		Release|Any CPU = Release|Any CPU
	EndGlobalSection
	GlobalSection(ProjectConfigurationPlatforms) = postSolution
		{F01C7633-0C51-42CB-A4AF-A59FA99CF09C}.Debug|Any CPU.ActiveCfg = Debug|Any CPU
		{F01C7633-0C51-42CB-A4AF-A59FA99CF09C}.Debug|Any CPU.Build.0 = Debug|Any CPU
		{F01C7633-0C51-42CB-A4AF-A59FA99CF09C}.Release|Any CPU.ActiveCfg = Release|Any CPU
		{F01C7633-0C51-42CB-A4AF-A59FA99CF09C}.Release|Any CPU.Build.0 = Release|Any CPU
		{B4685B99-62C3-4C78-9DC6-743B5609DF48}.Debug|Any CPU.ActiveCfg = Debug|Any CPU
		{B4685B99-62C3-4C78-9DC6-743B5609DF48}.Debug|Any CPU.Build.0 = Debug|Any CPU
		{B4685B99-62C3-4C78-9DC6-743B5609DF48}.Release|Any CPU.ActiveCfg = Release|Any CPU
		{B4685B99-62C3-4C78-9DC6-743B5609DF48}.Release|Any CPU.Build.0 = Release|Any CPU
		{54F3AEB3-136D-4C70-8462-F28D20FE5A6B}.Debug|Any CPU.ActiveCfg = Debug|Any CPU
		{54F3AEB3-136D-4C70-8462-F28D20FE5A6B}.Debug|Any CPU.Build.0 = Debug|Any CPU
		{54F3AEB3-136D-4C70-8462-F28D20FE5A6B}.Release|Any CPU.ActiveCfg = Release|Any CPU
		{54F3AEB3-136D-4C70-8462-F28D20FE5A6B}.Release|Any CPU.Build.0 = Release|Any CPU
		{36A891E4-14A9-4FEF-BA78-580E7BBE2F62}.Debug|Any CPU.ActiveCfg = Debug|Any CPU
		{36A891E4-14A9-4FEF-BA78-580E7BBE2F62}.Debug|Any CPU.Build.0 = Debug|Any CPU
		{36A891E4-14A9-4FEF-BA78-580E7BBE2F62}.Release|Any CPU.ActiveCfg = Release|Any CPU
		{36A891E4-14A9-4FEF-BA78-580E7BBE2F62}.Release|Any CPU.Build.0 = Release|Any CPU
	EndGlobalSection
	GlobalSection(SolutionProperties) = preSolution
		HideSolutionNode = FALSE
	EndGlobalSection
	GlobalSection(ExtensibilityGlobals) = postSolution
		SolutionGuid = {4FD0075E-6D0B-4F64-BED3-399A6F62C098}
	EndGlobalSection
EndGlobal
